
Microsoft Visual Studio Solution File, Format Version 12.00
# Visual Studio Version 17
VisualStudioVersion = 17.9.34622.214
MinimumVisualStudioVersion = 10.0.40219.1
Project("{FAE04EC0-301F-11D3-BF4B-00C04F79EFBC}") = "AndroidApp2", "AndroidApp2\AndroidApp2.csproj", "{DF35A853-4479-4511-B4F5-989F5F9A5435}"
EndProject
Global
	GlobalSection(SolutionConfigurationPlatforms) = preSolution
		Debug|Any CPU = Debug|Any CPU
		Release|Any CPU = Release|Any CPU
	EndGlobalSection
	GlobalSection(ProjectConfigurationPlatforms) = postSolution
		{DF35A853-4479-4511-B4F5-989F5F9A5435}.Debug|Any CPU.ActiveCfg = Debug|Any CPU
		{DF35A853-4479-4511-B4F5-989F5F9A5435}.Debug|Any CPU.Build.0 = Debug|Any CPU
		{DF35A853-4479-4511-B4F5-989F5F9A5435}.Debug|Any CPU.Deploy.0 = Debug|Any CPU
		{DF35A853-4479-4511-B4F5-989F5F9A5435}.Release|Any CPU.ActiveCfg = Release|Any CPU
		{DF35A853-4479-4511-B4F5-989F5F9A5435}.Release|Any CPU.Build.0 = Release|Any CPU
		{DF35A853-4479-4511-B4F5-989F5F9A5435}.Release|Any CPU.Deploy.0 = Release|Any CPU
	EndGlobalSection
	GlobalSection(SolutionProperties) = preSolution
		HideSolutionNode = FALSE
	EndGlobalSection
	GlobalSection(ExtensibilityGlobals) = postSolution
		SolutionGuid = {64296206-C8D4-46F9-A926-EAC2DE1385D7}
	EndGlobalSection
EndGlobal
